// !$*UTF8*$!
{
	archiveVersion = 1;
	classes = {
	};
	objectVersion = 50;
	objects = {

/* Begin PBXBuildFile section */
		C2130F5C2385D56200469CF7 /* SheetContentNavigationController.swift in Sources */ = {isa = PBXBuildFile; fileRef = C2130F5B2385D56200469CF7 /* SheetContentNavigationController.swift */; };
		C2144F5A2384555700FA55FA /* SheetViewController.swift in Sources */ = {isa = PBXBuildFile; fileRef = C2144F592384555700FA55FA /* SheetViewController.swift */; };
		C2144F5C2384559300FA55FA /* SheetView.swift in Sources */ = {isa = PBXBuildFile; fileRef = C2144F5B2384559300FA55FA /* SheetView.swift */; };
		C2144F602384564200FA55FA /* DemoTableViewController.swift in Sources */ = {isa = PBXBuildFile; fileRef = C2144F5F2384564200FA55FA /* DemoTableViewController.swift */; };
		C2144F622384AED300FA55FA /* SheetContentTableViewController.swift in Sources */ = {isa = PBXBuildFile; fileRef = C2144F612384AED300FA55FA /* SheetContentTableViewController.swift */; };
		C27794412383302C007F9DE3 /* AppDelegate.swift in Sources */ = {isa = PBXBuildFile; fileRef = C27794402383302C007F9DE3 /* AppDelegate.swift */; };
		C27794432383302C007F9DE3 /* ViewController.swift in Sources */ = {isa = PBXBuildFile; fileRef = C27794422383302C007F9DE3 /* ViewController.swift */; };
		C27794462383302C007F9DE3 /* Main.storyboard in Resources */ = {isa = PBXBuildFile; fileRef = C27794442383302C007F9DE3 /* Main.storyboard */; };
		C27794482383302E007F9DE3 /* Assets.xcassets in Resources */ = {isa = PBXBuildFile; fileRef = C27794472383302E007F9DE3 /* Assets.xcassets */; };
		C277944B2383302E007F9DE3 /* LaunchScreen.storyboard in Resources */ = {isa = PBXBuildFile; fileRef = C27794492383302E007F9DE3 /* LaunchScreen.storyboard */; };
		C27794532383331C007F9DE3 /* ModalViewController.swift in Sources */ = {isa = PBXBuildFile; fileRef = C27794522383331C007F9DE3 /* ModalViewController.swift */; };
		C28C38A92386EEE3006D23B4 /* BackgroundColorScrollViewController.swift in Sources */ = {isa = PBXBuildFile; fileRef = C28C38A72386EEE3006D23B4 /* BackgroundColorScrollViewController.swift */; };
		C28C38AA2386EEE3006D23B4 /* BackgroundColorScrollViewController.xib in Resources */ = {isa = PBXBuildFile; fileRef = C28C38A82386EEE3006D23B4 /* BackgroundColorScrollViewController.xib */; };
/* End PBXBuildFile section */

/* Begin PBXFileReference section */
		C2130F5B2385D56200469CF7 /* SheetContentNavigationController.swift */ = {isa = PBXFileReference; lastKnownFileType = sourcecode.swift; path = SheetContentNavigationController.swift; sourceTree = "<group>"; };
		C2144F592384555700FA55FA /* SheetViewController.swift */ = {isa = PBXFileReference; lastKnownFileType = sourcecode.swift; path = SheetViewController.swift; sourceTree = "<group>"; };
		C2144F5B2384559300FA55FA /* SheetView.swift */ = {isa = PBXFileReference; lastKnownFileType = sourcecode.swift; path = SheetView.swift; sourceTree = "<group>"; };
		C2144F5F2384564200FA55FA /* DemoTableViewController.swift */ = {isa = PBXFileReference; lastKnownFileType = sourcecode.swift; path = DemoTableViewController.swift; sourceTree = "<group>"; };
		C2144F612384AED300FA55FA /* SheetContentTableViewController.swift */ = {isa = PBXFileReference; lastKnownFileType = sourcecode.swift; path = SheetContentTableViewController.swift; sourceTree = "<group>"; };
		C277943D2383302C007F9DE3 /* Sunburst_sheets_POC.app */ = {isa = PBXFileReference; explicitFileType = wrapper.application; includeInIndex = 0; path = Sunburst_sheets_POC.app; sourceTree = BUILT_PRODUCTS_DIR; };
		C27794402383302C007F9DE3 /* AppDelegate.swift */ = {isa = PBXFileReference; lastKnownFileType = sourcecode.swift; path = AppDelegate.swift; sourceTree = "<group>"; };
		C27794422383302C007F9DE3 /* ViewController.swift */ = {isa = PBXFileReference; lastKnownFileType = sourcecode.swift; path = ViewController.swift; sourceTree = "<group>"; };
		C27794452383302C007F9DE3 /* Base */ = {isa = PBXFileReference; lastKnownFileType = file.storyboard; name = Base; path = Base.lproj/Main.storyboard; sourceTree = "<group>"; };
		C27794472383302E007F9DE3 /* Assets.xcassets */ = {isa = PBXFileReference; lastKnownFileType = folder.assetcatalog; path = Assets.xcassets; sourceTree = "<group>"; };
		C277944A2383302E007F9DE3 /* Base */ = {isa = PBXFileReference; lastKnownFileType = file.storyboard; name = Base; path = Base.lproj/LaunchScreen.storyboard; sourceTree = "<group>"; };
		C277944C2383302E007F9DE3 /* Info.plist */ = {isa = PBXFileReference; lastKnownFileType = text.plist.xml; path = Info.plist; sourceTree = "<group>"; };
		C27794522383331C007F9DE3 /* ModalViewController.swift */ = {isa = PBXFileReference; lastKnownFileType = sourcecode.swift; path = ModalViewController.swift; sourceTree = "<group>"; };
		C28C38A72386EEE3006D23B4 /* BackgroundColorScrollViewController.swift */ = {isa = PBXFileReference; lastKnownFileType = sourcecode.swift; path = BackgroundColorScrollViewController.swift; sourceTree = "<group>"; };
		C28C38A82386EEE3006D23B4 /* BackgroundColorScrollViewController.xib */ = {isa = PBXFileReference; lastKnownFileType = file.xib; path = BackgroundColorScrollViewController.xib; sourceTree = "<group>"; };
/* End PBXFileReference section */

/* Begin PBXFrameworksBuildPhase section */
		C277943A2383302C007F9DE3 /* Frameworks */ = {
			isa = PBXFrameworksBuildPhase;
			buildActionMask = 2147483647;
			files = (
			);
			runOnlyForDeploymentPostprocessing = 0;
		};
/* End PBXFrameworksBuildPhase section */

/* Begin PBXGroup section */
		C2144F582384553800FA55FA /* Sheets */ = {
			isa = PBXGroup;
			children = (
				C2130F5B2385D56200469CF7 /* SheetContentNavigationController.swift */,
				C2144F592384555700FA55FA /* SheetViewController.swift */,
				C2144F5B2384559300FA55FA /* SheetView.swift */,
			);
			path = Sheets;
			sourceTree = "<group>";
		};
		C27794342383302C007F9DE3 = {
			isa = PBXGroup;
			children = (
				C277943F2383302C007F9DE3 /* Sunburst_sheets_POC */,
				C277943E2383302C007F9DE3 /* Products */,
			);
			sourceTree = "<group>";
		};
		C277943E2383302C007F9DE3 /* Products */ = {
			isa = PBXGroup;
			children = (
				C277943D2383302C007F9DE3 /* Sunburst_sheets_POC.app */,
			);
			name = Products;
			sourceTree = "<group>";
		};
		C277943F2383302C007F9DE3 /* Sunburst_sheets_POC */ = {
			isa = PBXGroup;
			children = (
				C2144F582384553800FA55FA /* Sheets */,
				C27794402383302C007F9DE3 /* AppDelegate.swift */,
				C2144F5F2384564200FA55FA /* DemoTableViewController.swift */,
				C2144F612384AED300FA55FA /* SheetContentTableViewController.swift */,
				C28C38A72386EEE3006D23B4 /* BackgroundColorScrollViewController.swift */,
				C28C38A82386EEE3006D23B4 /* BackgroundColorScrollViewController.xib */,
				C27794422383302C007F9DE3 /* ViewController.swift */,
				C27794522383331C007F9DE3 /* ModalViewController.swift */,
				C27794442383302C007F9DE3 /* Main.storyboard */,
				C27794472383302E007F9DE3 /* Assets.xcassets */,
				C27794492383302E007F9DE3 /* LaunchScreen.storyboard */,
				C277944C2383302E007F9DE3 /* Info.plist */,
			);
			path = Sunburst_sheets_POC;
			sourceTree = "<group>";
		};
/* End PBXGroup section */

/* Begin PBXNativeTarget section */
		C277943C2383302C007F9DE3 /* Sunburst_sheets_POC */ = {
			isa = PBXNativeTarget;
			buildConfigurationList = C277944F2383302E007F9DE3 /* Build configuration list for PBXNativeTarget "Sunburst_sheets_POC" */;
			buildPhases = (
				C27794392383302C007F9DE3 /* Sources */,
				C277943A2383302C007F9DE3 /* Frameworks */,
				C277943B2383302C007F9DE3 /* Resources */,
			);
			buildRules = (
			);
			dependencies = (
			);
			name = Sunburst_sheets_POC;
			productName = Sunburst_sheets_POC;
			productReference = C277943D2383302C007F9DE3 /* Sunburst_sheets_POC.app */;
			productType = "com.apple.product-type.application";
		};
/* End PBXNativeTarget section */

/* Begin PBXProject section */
		C27794352383302C007F9DE3 /* Project object */ = {
			isa = PBXProject;
			attributes = {
				LastSwiftUpdateCheck = 1030;
				LastUpgradeCheck = 1030;
				ORGANIZATIONNAME = Grubhub;
				TargetAttributes = {
					C277943C2383302C007F9DE3 = {
						CreatedOnToolsVersion = 10.3;
					};
				};
			};
			buildConfigurationList = C27794382383302C007F9DE3 /* Build configuration list for PBXProject "Sunburst_sheets_POC" */;
			compatibilityVersion = "Xcode 9.3";
			developmentRegion = en;
			hasScannedForEncodings = 0;
			knownRegions = (
				en,
				Base,
			);
			mainGroup = C27794342383302C007F9DE3;
			productRefGroup = C277943E2383302C007F9DE3 /* Products */;
			projectDirPath = "";
			projectRoot = "";
			targets = (
				C277943C2383302C007F9DE3 /* Sunburst_sheets_POC */,
			);
		};
/* End PBXProject section */

/* Begin PBXResourcesBuildPhase section */
		C277943B2383302C007F9DE3 /* Resources */ = {
			isa = PBXResourcesBuildPhase;
			buildActionMask = 2147483647;
			files = (
				C277944B2383302E007F9DE3 /* LaunchScreen.storyboard in Resources */,
				C28C38AA2386EEE3006D23B4 /* BackgroundColorScrollViewController.xib in Resources */,
				C27794482383302E007F9DE3 /* Assets.xcassets in Resources */,
				C27794462383302C007F9DE3 /* Main.storyboard in Resources */,
			);
			runOnlyForDeploymentPostprocessing = 0;
		};
/* End PBXResourcesBuildPhase section */

/* Begin PBXSourcesBuildPhase section */
		C27794392383302C007F9DE3 /* Sources */ = {
			isa = PBXSourcesBuildPhase;
			buildActionMask = 2147483647;
			files = (
				C2144F5A2384555700FA55FA /* SheetViewController.swift in Sources */,
				C27794432383302C007F9DE3 /* ViewController.swift in Sources */,
				C2144F602384564200FA55FA /* DemoTableViewController.swift in Sources */,
				C2144F5C2384559300FA55FA /* SheetView.swift in Sources */,
				C2130F5C2385D56200469CF7 /* SheetContentNavigationController.swift in Sources */,
				C27794532383331C007F9DE3 /* ModalViewController.swift in Sources */,
				C28C38A92386EEE3006D23B4 /* BackgroundColorScrollViewController.swift in Sources */,
				C2144F622384AED300FA55FA /* SheetContentTableViewController.swift in Sources */,
				C27794412383302C007F9DE3 /* AppDelegate.swift in Sources */,
			);
			runOnlyForDeploymentPostprocessing = 0;
		};
/* End PBXSourcesBuildPhase section */

/* Begin PBXVariantGroup section */
		C27794442383302C007F9DE3 /* Main.storyboard */ = {
			isa = PBXVariantGroup;
			children = (
				C27794452383302C007F9DE3 /* Base */,
			);
			name = Main.storyboard;
			sourceTree = "<group>";
		};
		C27794492383302E007F9DE3 /* LaunchScreen.storyboard */ = {
			isa = PBXVariantGroup;
			children = (
				C277944A2383302E007F9DE3 /* Base */,
			);
			name = LaunchScreen.storyboard;
			sourceTree = "<group>";
		};
/* End PBXVariantGroup section */

/* Begin XCBuildConfiguration section */
		C277944D2383302E007F9DE3 /* Debug */ = {
			isa = XCBuildConfiguration;
			buildSettings = {
				ALWAYS_SEARCH_USER_PATHS = NO;
				CLANG_ANALYZER_NONNULL = YES;
				CLANG_ANALYZER_NUMBER_OBJECT_CONVERSION = YES_AGGRESSIVE;
				CLANG_CXX_LANGUAGE_STANDARD = "gnu++14";
				CLANG_CXX_LIBRARY = "libc++";
				CLANG_ENABLE_MODULES = YES;
				CLANG_ENABLE_OBJC_ARC = YES;
				CLANG_ENABLE_OBJC_WEAK = YES;
				CLANG_WARN_BLOCK_CAPTURE_AUTORELEASING = YES;
				CLANG_WARN_BOOL_CONVERSION = YES;
				CLANG_WARN_COMMA = YES;
				CLANG_WARN_CONSTANT_CONVERSION = YES;
				CLANG_WARN_DEPRECATED_OBJC_IMPLEMENTATIONS = YES;
				CLANG_WARN_DIRECT_OBJC_ISA_USAGE = YES_ERROR;
				CLANG_WARN_DOCUMENTATION_COMMENTS = YES;
				CLANG_WARN_EMPTY_BODY = YES;
				CLANG_WARN_ENUM_CONVERSION = YES;
				CLANG_WARN_INFINITE_RECURSION = YES;
				CLANG_WARN_INT_CONVERSION = YES;
				CLANG_WARN_NON_LITERAL_NULL_CONVERSION = YES;
				CLANG_WARN_OBJC_IMPLICIT_RETAIN_SELF = YES;
				CLANG_WARN_OBJC_LITERAL_CONVERSION = YES;
				CLANG_WARN_OBJC_ROOT_CLASS = YES_ERROR;
				CLANG_WARN_RANGE_LOOP_ANALYSIS = YES;
				CLANG_WARN_STRICT_PROTOTYPES = YES;
				CLANG_WARN_SUSPICIOUS_MOVE = YES;
				CLANG_WARN_UNGUARDED_AVAILABILITY = YES_AGGRESSIVE;
				CLANG_WARN_UNREACHABLE_CODE = YES;
				CLANG_WARN__DUPLICATE_METHOD_MATCH = YES;
				CODE_SIGN_IDENTITY = "iPhone Developer";
				COPY_PHASE_STRIP = NO;
				DEBUG_INFORMATION_FORMAT = dwarf;
				ENABLE_STRICT_OBJC_MSGSEND = YES;
				ENABLE_TESTABILITY = YES;
				GCC_C_LANGUAGE_STANDARD = gnu11;
				GCC_DYNAMIC_NO_PIC = NO;
				GCC_NO_COMMON_BLOCKS = YES;
				GCC_OPTIMIZATION_LEVEL = 0;
				GCC_PREPROCESSOR_DEFINITIONS = (
					"DEBUG=1",
					"$(inherited)",
				);
				GCC_WARN_64_TO_32_BIT_CONVERSION = YES;
				GCC_WARN_ABOUT_RETURN_TYPE = YES_ERROR;
				GCC_WARN_UNDECLARED_SELECTOR = YES;
				GCC_WARN_UNINITIALIZED_AUTOS = YES_AGGRESSIVE;
				GCC_WARN_UNUSED_FUNCTION = YES;
				GCC_WARN_UNUSED_VARIABLE = YES;
				IPHONEOS_DEPLOYMENT_TARGET = 12.4;
				MTL_ENABLE_DEBUG_INFO = INCLUDE_SOURCE;
				MTL_FAST_MATH = YES;
				ONLY_ACTIVE_ARCH = YES;
				SDKROOT = iphoneos;
				SWIFT_ACTIVE_COMPILATION_CONDITIONS = DEBUG;
				SWIFT_OPTIMIZATION_LEVEL = "-Onone";
			};
			name = Debug;
		};
		C277944E2383302E007F9DE3 /* Release */ = {
			isa = XCBuildConfiguration;
			buildSettings = {
				ALWAYS_SEARCH_USER_PATHS = NO;
				CLANG_ANALYZER_NONNULL = YES;
				CLANG_ANALYZER_NUMBER_OBJECT_CONVERSION = YES_AGGRESSIVE;
				CLANG_CXX_LANGUAGE_STANDARD = "gnu++14";
				CLANG_CXX_LIBRARY = "libc++";
				CLANG_ENABLE_MODULES = YES;
				CLANG_ENABLE_OBJC_ARC = YES;
				CLANG_ENABLE_OBJC_WEAK = YES;
				CLANG_WARN_BLOCK_CAPTURE_AUTORELEASING = YES;
				CLANG_WARN_BOOL_CONVERSION = YES;
				CLANG_WARN_COMMA = YES;
				CLANG_WARN_CONSTANT_CONVERSION = YES;
				CLANG_WARN_DEPRECATED_OBJC_IMPLEMENTATIONS = YES;
				CLANG_WARN_DIRECT_OBJC_ISA_USAGE = YES_ERROR;
				CLANG_WARN_DOCUMENTATION_COMMENTS = YES;
				CLANG_WARN_EMPTY_BODY = YES;
				CLANG_WARN_ENUM_CONVERSION = YES;
				CLANG_WARN_INFINITE_RECURSION = YES;
				CLANG_WARN_INT_CONVERSION = YES;
				CLANG_WARN_NON_LITERAL_NULL_CONVERSION = YES;
				CLANG_WARN_OBJC_IMPLICIT_RETAIN_SELF = YES;
				CLANG_WARN_OBJC_LITERAL_CONVERSION = YES;
				CLANG_WARN_OBJC_ROOT_CLASS = YES_ERROR;
				CLANG_WARN_RANGE_LOOP_ANALYSIS = YES;
				CLANG_WARN_STRICT_PROTOTYPES = YES;
				CLANG_WARN_SUSPICIOUS_MOVE = YES;
				CLANG_WARN_UNGUARDED_AVAILABILITY = YES_AGGRESSIVE;
				CLANG_WARN_UNREACHABLE_CODE = YES;
				CLANG_WARN__DUPLICATE_METHOD_MATCH = YES;
				CODE_SIGN_IDENTITY = "iPhone Developer";
				COPY_PHASE_STRIP = NO;
				DEBUG_INFORMATION_FORMAT = "dwarf-with-dsym";
				ENABLE_NS_ASSERTIONS = NO;
				ENABLE_STRICT_OBJC_MSGSEND = YES;
				GCC_C_LANGUAGE_STANDARD = gnu11;
				GCC_NO_COMMON_BLOCKS = YES;
				GCC_WARN_64_TO_32_BIT_CONVERSION = YES;
				GCC_WARN_ABOUT_RETURN_TYPE = YES_ERROR;
				GCC_WARN_UNDECLARED_SELECTOR = YES;
				GCC_WARN_UNINITIALIZED_AUTOS = YES_AGGRESSIVE;
				GCC_WARN_UNUSED_FUNCTION = YES;
				GCC_WARN_UNUSED_VARIABLE = YES;
				IPHONEOS_DEPLOYMENT_TARGET = 12.4;
				MTL_ENABLE_DEBUG_INFO = NO;
				MTL_FAST_MATH = YES;
				SDKROOT = iphoneos;
				SWIFT_COMPILATION_MODE = wholemodule;
				SWIFT_OPTIMIZATION_LEVEL = "-O";
				VALIDATE_PRODUCT = YES;
			};
			name = Release;
		};
		C27794502383302E007F9DE3 /* Debug */ = {
			isa = XCBuildConfiguration;
			buildSettings = {
				ASSETCATALOG_COMPILER_APPICON_NAME = AppIcon;
				CODE_SIGN_STYLE = Automatic;
				DEVELOPMENT_TEAM = 649X9A4LS8;
				INFOPLIST_FILE = Sunburst_sheets_POC/Info.plist;
				LD_RUNPATH_SEARCH_PATHS = (
					"$(inherited)",
					"@executable_path/Frameworks",
				);
				PRODUCT_BUNDLE_IDENTIFIER = "com.grubhub.Sunburst-sheets-POC";
				PRODUCT_NAME = "$(TARGET_NAME)";
				SWIFT_VERSION = 5.0;
				TARGETED_DEVICE_FAMILY = "1,2";
			};
			name = Debug;
		};
		C27794512383302E007F9DE3 /* Release */ = {
			isa = XCBuildConfiguration;
			buildSettings = {
				ASSETCATALOG_COMPILER_APPICON_NAME = AppIcon;
				CODE_SIGN_STYLE = Automatic;
				DEVELOPMENT_TEAM = 649X9A4LS8;
				INFOPLIST_FILE = Sunburst_sheets_POC/Info.plist;
				LD_RUNPATH_SEARCH_PATHS = (
					"$(inherited)",
					"@executable_path/Frameworks",
				);
				PRODUCT_BUNDLE_IDENTIFIER = "com.grubhub.Sunburst-sheets-POC";
				PRODUCT_NAME = "$(TARGET_NAME)";
				SWIFT_VERSION = 5.0;
				TARGETED_DEVICE_FAMILY = "1,2";
			};
			name = Release;
		};
/* End XCBuildConfiguration section */

/* Begin XCConfigurationList section */
		C27794382383302C007F9DE3 /* Build configuration list for PBXProject "Sunburst_sheets_POC" */ = {
			isa = XCConfigurationList;
			buildConfigurations = (
				C277944D2383302E007F9DE3 /* Debug */,
				C277944E2383302E007F9DE3 /* Release */,
			);
			defaultConfigurationIsVisible = 0;
			defaultConfigurationName = Release;
		};
		C277944F2383302E007F9DE3 /* Build configuration list for PBXNativeTarget "Sunburst_sheets_POC" */ = {
			isa = XCConfigurationList;
			buildConfigurations = (
				C27794502383302E007F9DE3 /* Debug */,
				C27794512383302E007F9DE3 /* Release */,
			);
			defaultConfigurationIsVisible = 0;
			defaultConfigurationName = Release;
		};
/* End XCConfigurationList section */
	};
	rootObject = C27794352383302C007F9DE3 /* Project object */;
}
